<?xml version="1.0" encoding="utf-8"?>
<Project ToolsVersion="4.0" xmlns="http://schemas.microsoft.com/developer/msbuild/2003">
  <ItemGroup>
    <Filter Include="Quelldateien">
      <UniqueIdentifier>{4FC737F1-C7A5-4376-A066-2A32D752A2FF}</UniqueIdentifier>
      <Extensions>cpp;c;cc;cxx;def;odl;idl;hpj;bat;asm;asmx</Extensions>
    </Filter>
    <Filter Include="Headerdateien">
      <UniqueIdentifier>{93995380-89BD-4b04-88EB-625FBE52EBFB}</UniqueIdentifier>
      <Extensions>h;hh;hpp;hxx;hm;inl;inc;xsd</Extensions>
    </Filter>
    <Filter Include="Ressourcendateien">
      <UniqueIdentifier>{67DA6AB6-F800-4c08-8B7A-83BB121AAD01}</UniqueIdentifier>
      <Extensions>rc;ico;cur;bmp;dlg;rc2;rct;bin;rgs;gif;jpg;jpeg;jpe;resx;tiff;tif;png;wav;mfcribbon-ms</Extensions>
    </Filter>
  </ItemGroup>
  <ItemGroup>
    <ClCompile Include="Communicator.cpp">
      <Filter>Quelldateien</Filter>
    </ClCompile>
    <ClCompile Include="DungeonGenerator.cpp">
      <Filter>Quelldateien</Filter>
    </ClCompile>
    <ClCompile Include="Main.cpp">
      <Filter>Quelldateien</Filter>
    </ClCompile>
    <ClCompile Include="Position.cpp">
      <Filter>Quelldateien</Filter>
    </ClCompile>
    <ClCompile Include="Tile.cpp">
      <Filter>Quelldateien</Filter>
    </ClCompile>
    <ClCompile Include="TileFactory.cpp">
      <Filter>Quelldateien</Filter>
    </ClCompile>
    <ClCompile Include="Hallway1Factory.cpp">
      <Filter>Quelldateien</Filter>
    </ClCompile>
    <ClCompile Include="Expansion.cpp">
      <Filter>Quelldateien</Filter>
    </ClCompile>
    <ClCompile Include="Hallway2Factory.cpp">
      <Filter>Quelldateien</Filter>
    </ClCompile>
    <ClCompile Include="CornerFactory.cpp">
      <Filter>Quelldateien</Filter>
    </ClCompile>
    <ClCompile Include="Dimension.cpp">
      <Filter>Quelldateien</Filter>
    </ClCompile>
    <ClCompile Include="CollisionChecker.cpp">
      <Filter>Quelldateien</Filter>
    </ClCompile>
    <ClCompile Include="TileHallway2.cpp">
      <Filter>Quelldateien</Filter>
    </ClCompile>
    <ClCompile Include="TileHallway1.cpp">
      <Filter>Quelldateien</Filter>
    </ClCompile>
    <ClCompile Include="TileCorner.cpp">
      <Filter>Quelldateien</Filter>
    </ClCompile>
  </ItemGroup>
  <ItemGroup>
    <ClInclude Include="Communicator.h">
      <Filter>Headerdateien</Filter>
    </ClInclude>
    <ClInclude Include="Defs.h">
      <Filter>Headerdateien</Filter>
    </ClInclude>
    <ClInclude Include="DungeonGenerator.h">
      <Filter>Headerdateien</Filter>
    </ClInclude>
    <ClInclude Include="Position.h">
      <Filter>Headerdateien</Filter>
    </ClInclude>
    <ClInclude Include="Tile.h">
      <Filter>Headerdateien</Filter>
    </ClInclude>
    <ClInclude Include="TileFactory.h">
      <Filter>Headerdateien</Filter>
    </ClInclude>
    <ClInclude Include="Hallway1Factory.h">
      <Filter>Headerdateien</Filter>
    </ClInclude>
    <ClInclude Include="Expansion.h">
      <Filter>Headerdateien</Filter>
    </ClInclude>
    <ClInclude Include="Hallway2Factory.h">
      <Filter>Headerdateien</Filter>
    </ClInclude>
    <ClInclude Include="CornerFactory.h">
      <Filter>Headerdateien</Filter>
    </ClInclude>
    <ClInclude Include="Dimension.h">
      <Filter>Headerdateien</Filter>
    </ClInclude>
    <ClInclude Include="CollisionChecker.h">
      <Filter>Headerdateien</Filter>
    </ClInclude>
    <ClInclude Include="TileHallway2.h">
      <Filter>Headerdateien</Filter>
    </ClInclude>
    <ClInclude Include="TileHallway1.h">
      <Filter>Headerdateien</Filter>
    </ClInclude>
    <ClInclude Include="TileCorner.h">
      <Filter>Headerdateien</Filter>
    </ClInclude>
  </ItemGroup>
</Project>